
Microsoft Visual Studio Solution File, Format Version 12.00
# Visual Studio 15
VisualStudioVersion = 15.0.27130.2024
MinimumVisualStudioVersion = 10.0.40219.1
Project("{FAE04EC0-301F-11D3-BF4B-00C04F79EFBC}") = "MyPatientVisit.FunctionalTest", "MyPatientVisit.FunctionalTest\MyPatientVisit.FunctionalTest.csproj", "{7A8E9F77-F539-4A3F-8AE5-407E9E1D8ED3}"
EndProject
Global
	GlobalSection(SolutionConfigurationPlatforms) = preSolution
		Debug|Any CPU = Debug|Any CPU
		Release|Any CPU = Release|Any CPU
	EndGlobalSection
	GlobalSection(ProjectConfigurationPlatforms) = postSolution
		{7A8E9F77-F539-4A3F-8AE5-407E9E1D8ED3}.Debug|Any CPU.ActiveCfg = Debug|Any CPU
		{7A8E9F77-F539-4A3F-8AE5-407E9E1D8ED3}.Debug|Any CPU.Build.0 = Debug|Any CPU
		{7A8E9F77-F539-4A3F-8AE5-407E9E1D8ED3}.Release|Any CPU.ActiveCfg = Release|Any CPU
		{7A8E9F77-F539-4A3F-8AE5-407E9E1D8ED3}.Release|Any CPU.Build.0 = Release|Any CPU
	EndGlobalSection
	GlobalSection(SolutionProperties) = preSolution
		HideSolutionNode = FALSE
	EndGlobalSection
	GlobalSection(ExtensibilityGlobals) = postSolution
		SolutionGuid = {57144AF9-8A73-4902-A963-C12B79BE9B4D}
	EndGlobalSection
EndGlobal
